
Microsoft Visual Studio Solution File, Format Version 12.00
# Visual Studio 15
VisualStudioVersion = 15.0.28307.1500
MinimumVisualStudioVersion = 10.0.40219.1
Project("{FAE04EC0-301F-11D3-BF4B-00C04F79EFBC}") = "Parmakiziokuyucuyoklamasistemi", "Parmakiziokuyucuyoklamasistemi\Parmakiziokuyucuyoklamasistemi.csproj", "{011670F2-55D6-4DC3-8C07-FA6C74FF2196}"
EndProject
Global
	GlobalSection(SolutionConfigurationPlatforms) = preSolution
		Debug|Any CPU = Debug|Any CPU
		Release|Any CPU = Release|Any CPU
	EndGlobalSection
	GlobalSection(ProjectConfigurationPlatforms) = postSolution
		{011670F2-55D6-4DC3-8C07-FA6C74FF2196}.Debug|Any CPU.ActiveCfg = Debug|Any CPU
		{011670F2-55D6-4DC3-8C07-FA6C74FF2196}.Debug|Any CPU.Build.0 = Debug|Any CPU
		{011670F2-55D6-4DC3-8C07-FA6C74FF2196}.Release|Any CPU.ActiveCfg = Release|Any CPU
		{011670F2-55D6-4DC3-8C07-FA6C74FF2196}.Release|Any CPU.Build.0 = Release|Any CPU
	EndGlobalSection
	GlobalSection(SolutionProperties) = preSolution
		HideSolutionNode = FALSE
	EndGlobalSection
	GlobalSection(ExtensibilityGlobals) = postSolution
		SolutionGuid = {AE170E0A-6F6D-4F0D-9848-DE1C7AFE1288}
	EndGlobalSection
EndGlobal
